// !$*UTF8*$!
{
	archiveVersion = 1;
	classes = {
	};
	objectVersion = 56;
	objects = {

/* Begin PBXBuildFile section */
		A2254A3C297ED90E009BB99B /* Usuario.swift in Sources */ = {isa = PBXBuildFile; fileRef = A2254A3B297ED90E009BB99B /* Usuario.swift */; };
		A2254A3E297EE7F3009BB99B /* LogInView.swift in Sources */ = {isa = PBXBuildFile; fileRef = A2254A3D297EE7F3009BB99B /* LogInView.swift */; };
		A2254A40297EED45009BB99B /* PadNumericoView.swift in Sources */ = {isa = PBXBuildFile; fileRef = A2254A3F297EED45009BB99B /* PadNumericoView.swift */; };
		A2254A44297F0AAE009BB99B /* LogInViewModel.swift in Sources */ = {isa = PBXBuildFile; fileRef = A2254A43297F0AAE009BB99B /* LogInViewModel.swift */; };
		A2629CE22979A265006AF816 /* mySafePocketApp.swift in Sources */ = {isa = PBXBuildFile; fileRef = A2629CE12979A265006AF816 /* mySafePocketApp.swift */; };
		A2629CE42979A265006AF816 /* GastosView.swift in Sources */ = {isa = PBXBuildFile; fileRef = A2629CE32979A265006AF816 /* GastosView.swift */; };
		A2629CE62979A266006AF816 /* Assets.xcassets in Resources */ = {isa = PBXBuildFile; fileRef = A2629CE52979A266006AF816 /* Assets.xcassets */; };
		A2629CE92979A266006AF816 /* Preview Assets.xcassets in Resources */ = {isa = PBXBuildFile; fileRef = A2629CE82979A266006AF816 /* Preview Assets.xcassets */; };
		A2629CF02979A27D006AF816 /* Gasto.swift in Sources */ = {isa = PBXBuildFile; fileRef = A2629CEF2979A27D006AF816 /* Gasto.swift */; };
		A2629CF42979A8C5006AF816 /* MainView.swift in Sources */ = {isa = PBXBuildFile; fileRef = A2629CF32979A8C5006AF816 /* MainView.swift */; };
		A2629CF82979ACA9006AF816 /* GastosFila.swift in Sources */ = {isa = PBXBuildFile; fileRef = A2629CF72979ACA9006AF816 /* GastosFila.swift */; };
		A2629CFC2979AD2B006AF816 /* GastosViewModel.swift in Sources */ = {isa = PBXBuildFile; fileRef = A2629CFB2979AD2B006AF816 /* GastosViewModel.swift */; };
		A2629CFE2979BCE3006AF816 /* DocumentsDirectory.swift in Sources */ = {isa = PBXBuildFile; fileRef = A2629CFD2979BCE3006AF816 /* DocumentsDirectory.swift */; };
		A2629D002979C2D0006AF816 /* NuevoGastoView.swift in Sources */ = {isa = PBXBuildFile; fileRef = A2629CFF2979C2D0006AF816 /* NuevoGastoView.swift */; };
		A2629D06297A3872006AF816 /* PieSliceView.swift in Sources */ = {isa = PBXBuildFile; fileRef = A2629D05297A3872006AF816 /* PieSliceView.swift */; };
		A2629D08297A3878006AF816 /* PieChartView.swift in Sources */ = {isa = PBXBuildFile; fileRef = A2629D07297A3878006AF816 /* PieChartView.swift */; };
/* End PBXBuildFile section */

/* Begin PBXFileReference section */
		A2254A3B297ED90E009BB99B /* Usuario.swift */ = {isa = PBXFileReference; lastKnownFileType = sourcecode.swift; path = Usuario.swift; sourceTree = "<group>"; };
		A2254A3D297EE7F3009BB99B /* LogInView.swift */ = {isa = PBXFileReference; lastKnownFileType = sourcecode.swift; path = LogInView.swift; sourceTree = "<group>"; };
		A2254A3F297EED45009BB99B /* PadNumericoView.swift */ = {isa = PBXFileReference; lastKnownFileType = sourcecode.swift; path = PadNumericoView.swift; sourceTree = "<group>"; };
		A2254A43297F0AAE009BB99B /* LogInViewModel.swift */ = {isa = PBXFileReference; lastKnownFileType = sourcecode.swift; path = LogInViewModel.swift; sourceTree = "<group>"; };
		A2629CDE2979A265006AF816 /* mySafePocket.app */ = {isa = PBXFileReference; explicitFileType = wrapper.application; includeInIndex = 0; path = mySafePocket.app; sourceTree = BUILT_PRODUCTS_DIR; };
		A2629CE12979A265006AF816 /* mySafePocketApp.swift */ = {isa = PBXFileReference; lastKnownFileType = sourcecode.swift; path = mySafePocketApp.swift; sourceTree = "<group>"; };
		A2629CE32979A265006AF816 /* GastosView.swift */ = {isa = PBXFileReference; lastKnownFileType = sourcecode.swift; path = GastosView.swift; sourceTree = "<group>"; };
		A2629CE52979A266006AF816 /* Assets.xcassets */ = {isa = PBXFileReference; lastKnownFileType = folder.assetcatalog; path = Assets.xcassets; sourceTree = "<group>"; };
		A2629CE82979A266006AF816 /* Preview Assets.xcassets */ = {isa = PBXFileReference; lastKnownFileType = folder.assetcatalog; path = "Preview Assets.xcassets"; sourceTree = "<group>"; };
		A2629CEF2979A27D006AF816 /* Gasto.swift */ = {isa = PBXFileReference; lastKnownFileType = sourcecode.swift; path = Gasto.swift; sourceTree = "<group>"; };
		A2629CF32979A8C5006AF816 /* MainView.swift */ = {isa = PBXFileReference; lastKnownFileType = sourcecode.swift; path = MainView.swift; sourceTree = "<group>"; };
		A2629CF72979ACA9006AF816 /* GastosFila.swift */ = {isa = PBXFileReference; lastKnownFileType = sourcecode.swift; path = GastosFila.swift; sourceTree = "<group>"; };
		A2629CFB2979AD2B006AF816 /* GastosViewModel.swift */ = {isa = PBXFileReference; lastKnownFileType = sourcecode.swift; path = GastosViewModel.swift; sourceTree = "<group>"; };
		A2629CFD2979BCE3006AF816 /* DocumentsDirectory.swift */ = {isa = PBXFileReference; lastKnownFileType = sourcecode.swift; path = DocumentsDirectory.swift; sourceTree = "<group>"; };
		A2629CFF2979C2D0006AF816 /* NuevoGastoView.swift */ = {isa = PBXFileReference; lastKnownFileType = sourcecode.swift; path = NuevoGastoView.swift; sourceTree = "<group>"; };
		A2629D05297A3872006AF816 /* PieSliceView.swift */ = {isa = PBXFileReference; lastKnownFileType = sourcecode.swift; path = PieSliceView.swift; sourceTree = "<group>"; };
		A2629D07297A3878006AF816 /* PieChartView.swift */ = {isa = PBXFileReference; lastKnownFileType = sourcecode.swift; path = PieChartView.swift; sourceTree = "<group>"; };
/* End PBXFileReference section */

/* Begin PBXFrameworksBuildPhase section */
		A2629CDB2979A265006AF816 /* Frameworks */ = {
			isa = PBXFrameworksBuildPhase;
			buildActionMask = 2147483647;
			files = (
			);
			runOnlyForDeploymentPostprocessing = 0;
		};
/* End PBXFrameworksBuildPhase section */

/* Begin PBXGroup section */
		A2629CD52979A265006AF816 = {
			isa = PBXGroup;
			children = (
				A2629CE02979A265006AF816 /* mySafePocket */,
				A2629CDF2979A265006AF816 /* Products */,
			);
			sourceTree = "<group>";
		};
		A2629CDF2979A265006AF816 /* Products */ = {
			isa = PBXGroup;
			children = (
				A2629CDE2979A265006AF816 /* mySafePocket.app */,
			);
			name = Products;
			sourceTree = "<group>";
		};
		A2629CE02979A265006AF816 /* mySafePocket */ = {
			isa = PBXGroup;
			children = (
				A2629CE12979A265006AF816 /* mySafePocketApp.swift */,
				A2629CEF2979A27D006AF816 /* Gasto.swift */,
				A2629CF32979A8C5006AF816 /* MainView.swift */,
				A2629CF72979ACA9006AF816 /* GastosFila.swift */,
				A2629CE32979A265006AF816 /* GastosView.swift */,
				A2629CFB2979AD2B006AF816 /* GastosViewModel.swift */,
				A2254A43297F0AAE009BB99B /* LogInViewModel.swift */,
				A2254A3B297ED90E009BB99B /* Usuario.swift */,
				A2629CFF2979C2D0006AF816 /* NuevoGastoView.swift */,
				A2254A3D297EE7F3009BB99B /* LogInView.swift */,
				A2254A3F297EED45009BB99B /* PadNumericoView.swift */,
				A2629D05297A3872006AF816 /* PieSliceView.swift */,
				A2629D07297A3878006AF816 /* PieChartView.swift */,
				A2629CFD2979BCE3006AF816 /* DocumentsDirectory.swift */,
				A2629CE52979A266006AF816 /* Assets.xcassets */,
				A2629CE72979A266006AF816 /* Preview Content */,
			);
			path = mySafePocket;
			sourceTree = "<group>";
		};
		A2629CE72979A266006AF816 /* Preview Content */ = {
			isa = PBXGroup;
			children = (
				A2629CE82979A266006AF816 /* Preview Assets.xcassets */,
			);
			path = "Preview Content";
			sourceTree = "<group>";
		};
/* End PBXGroup section */

/* Begin PBXNativeTarget section */
		A2629CDD2979A265006AF816 /* mySafePocket */ = {
			isa = PBXNativeTarget;
			buildConfigurationList = A2629CEC2979A266006AF816 /* Build configuration list for PBXNativeTarget "mySafePocket" */;
			buildPhases = (
				A2629CDA2979A265006AF816 /* Sources */,
				A2629CDB2979A265006AF816 /* Frameworks */,
				A2629CDC2979A265006AF816 /* Resources */,
			);
			buildRules = (
			);
			dependencies = (
			);
			name = mySafePocket;
			productName = mySafePocket;
			productReference = A2629CDE2979A265006AF816 /* mySafePocket.app */;
			productType = "com.apple.product-type.application";
		};
/* End PBXNativeTarget section */

/* Begin PBXProject section */
		A2629CD62979A265006AF816 /* Project object */ = {
			isa = PBXProject;
			attributes = {
				BuildIndependentTargetsInParallel = 1;
				LastSwiftUpdateCheck = 1420;
				LastUpgradeCheck = 1420;
				TargetAttributes = {
					A2629CDD2979A265006AF816 = {
						CreatedOnToolsVersion = 14.2;
					};
				};
			};
			buildConfigurationList = A2629CD92979A265006AF816 /* Build configuration list for PBXProject "mySafePocket" */;
			compatibilityVersion = "Xcode 14.0";
			developmentRegion = en;
			hasScannedForEncodings = 0;
			knownRegions = (
				en,
				Base,
			);
			mainGroup = A2629CD52979A265006AF816;
			productRefGroup = A2629CDF2979A265006AF816 /* Products */;
			projectDirPath = "";
			projectRoot = "";
			targets = (
				A2629CDD2979A265006AF816 /* mySafePocket */,
			);
		};
/* End PBXProject section */

/* Begin PBXResourcesBuildPhase section */
		A2629CDC2979A265006AF816 /* Resources */ = {
			isa = PBXResourcesBuildPhase;
			buildActionMask = 2147483647;
			files = (
				A2629CE92979A266006AF816 /* Preview Assets.xcassets in Resources */,
				A2629CE62979A266006AF816 /* Assets.xcassets in Resources */,
			);
			runOnlyForDeploymentPostprocessing = 0;
		};
/* End PBXResourcesBuildPhase section */

/* Begin PBXSourcesBuildPhase section */
		A2629CDA2979A265006AF816 /* Sources */ = {
			isa = PBXSourcesBuildPhase;
			buildActionMask = 2147483647;
			files = (
				A2254A44297F0AAE009BB99B /* LogInViewModel.swift in Sources */,
				A2629CF82979ACA9006AF816 /* GastosFila.swift in Sources */,
				A2254A40297EED45009BB99B /* PadNumericoView.swift in Sources */,
				A2629CF02979A27D006AF816 /* Gasto.swift in Sources */,
				A2629CE42979A265006AF816 /* GastosView.swift in Sources */,
				A2629CFC2979AD2B006AF816 /* GastosViewModel.swift in Sources */,
				A2629CFE2979BCE3006AF816 /* DocumentsDirectory.swift in Sources */,
				A2629D06297A3872006AF816 /* PieSliceView.swift in Sources */,
				A2254A3E297EE7F3009BB99B /* LogInView.swift in Sources */,
				A2629D08297A3878006AF816 /* PieChartView.swift in Sources */,
				A2629D002979C2D0006AF816 /* NuevoGastoView.swift in Sources */,
				A2629CF42979A8C5006AF816 /* MainView.swift in Sources */,
				A2629CE22979A265006AF816 /* mySafePocketApp.swift in Sources */,
				A2254A3C297ED90E009BB99B /* Usuario.swift in Sources */,
			);
			runOnlyForDeploymentPostprocessing = 0;
		};
/* End PBXSourcesBuildPhase section */

/* Begin XCBuildConfiguration section */
		A2629CEA2979A266006AF816 /* Debug */ = {
			isa = XCBuildConfiguration;
			buildSettings = {
				ALWAYS_SEARCH_USER_PATHS = NO;
				CLANG_ANALYZER_NONNULL = YES;
				CLANG_ANALYZER_NUMBER_OBJECT_CONVERSION = YES_AGGRESSIVE;
				CLANG_CXX_LANGUAGE_STANDARD = "gnu++20";
				CLANG_ENABLE_MODULES = YES;
				CLANG_ENABLE_OBJC_ARC = YES;
				CLANG_ENABLE_OBJC_WEAK = YES;
				CLANG_WARN_BLOCK_CAPTURE_AUTORELEASING = YES;
				CLANG_WARN_BOOL_CONVERSION = YES;
				CLANG_WARN_COMMA = YES;
				CLANG_WARN_CONSTANT_CONVERSION = YES;
				CLANG_WARN_DEPRECATED_OBJC_IMPLEMENTATIONS = YES;
				CLANG_WARN_DIRECT_OBJC_ISA_USAGE = YES_ERROR;
				CLANG_WARN_DOCUMENTATION_COMMENTS = YES;
				CLANG_WARN_EMPTY_BODY = YES;
				CLANG_WARN_ENUM_CONVERSION = YES;
				CLANG_WARN_INFINITE_RECURSION = YES;
				CLANG_WARN_INT_CONVERSION = YES;
				CLANG_WARN_NON_LITERAL_NULL_CONVERSION = YES;
				CLANG_WARN_OBJC_IMPLICIT_RETAIN_SELF = YES;
				CLANG_WARN_OBJC_LITERAL_CONVERSION = YES;
				CLANG_WARN_OBJC_ROOT_CLASS = YES_ERROR;
				CLANG_WARN_QUOTED_INCLUDE_IN_FRAMEWORK_HEADER = YES;
				CLANG_WARN_RANGE_LOOP_ANALYSIS = YES;
				CLANG_WARN_STRICT_PROTOTYPES = YES;
				CLANG_WARN_SUSPICIOUS_MOVE = YES;
				CLANG_WARN_UNGUARDED_AVAILABILITY = YES_AGGRESSIVE;
				CLANG_WARN_UNREACHABLE_CODE = YES;
				CLANG_WARN__DUPLICATE_METHOD_MATCH = YES;
				COPY_PHASE_STRIP = NO;
				DEBUG_INFORMATION_FORMAT = dwarf;
				ENABLE_STRICT_OBJC_MSGSEND = YES;
				ENABLE_TESTABILITY = YES;
				GCC_C_LANGUAGE_STANDARD = gnu11;
				GCC_DYNAMIC_NO_PIC = NO;
				GCC_NO_COMMON_BLOCKS = YES;
				GCC_OPTIMIZATION_LEVEL = 0;
				GCC_PREPROCESSOR_DEFINITIONS = (
					"DEBUG=1",
					"$(inherited)",
				);
				GCC_WARN_64_TO_32_BIT_CONVERSION = YES;
				GCC_WARN_ABOUT_RETURN_TYPE = YES_ERROR;
				GCC_WARN_UNDECLARED_SELECTOR = YES;
				GCC_WARN_UNINITIALIZED_AUTOS = YES_AGGRESSIVE;
				GCC_WARN_UNUSED_FUNCTION = YES;
				GCC_WARN_UNUSED_VARIABLE = YES;
				IPHONEOS_DEPLOYMENT_TARGET = 16.2;
				MTL_ENABLE_DEBUG_INFO = INCLUDE_SOURCE;
				MTL_FAST_MATH = YES;
				ONLY_ACTIVE_ARCH = YES;
				SDKROOT = iphoneos;
				SWIFT_ACTIVE_COMPILATION_CONDITIONS = DEBUG;
				SWIFT_OPTIMIZATION_LEVEL = "-Onone";
			};
			name = Debug;
		};
		A2629CEB2979A266006AF816 /* Release */ = {
			isa = XCBuildConfiguration;
			buildSettings = {
				ALWAYS_SEARCH_USER_PATHS = NO;
				CLANG_ANALYZER_NONNULL = YES;
				CLANG_ANALYZER_NUMBER_OBJECT_CONVERSION = YES_AGGRESSIVE;
				CLANG_CXX_LANGUAGE_STANDARD = "gnu++20";
				CLANG_ENABLE_MODULES = YES;
				CLANG_ENABLE_OBJC_ARC = YES;
				CLANG_ENABLE_OBJC_WEAK = YES;
				CLANG_WARN_BLOCK_CAPTURE_AUTORELEASING = YES;
				CLANG_WARN_BOOL_CONVERSION = YES;
				CLANG_WARN_COMMA = YES;
				CLANG_WARN_CONSTANT_CONVERSION = YES;
				CLANG_WARN_DEPRECATED_OBJC_IMPLEMENTATIONS = YES;
				CLANG_WARN_DIRECT_OBJC_ISA_USAGE = YES_ERROR;
				CLANG_WARN_DOCUMENTATION_COMMENTS = YES;
				CLANG_WARN_EMPTY_BODY = YES;
				CLANG_WARN_ENUM_CONVERSION = YES;
				CLANG_WARN_INFINITE_RECURSION = YES;
				CLANG_WARN_INT_CONVERSION = YES;
				CLANG_WARN_NON_LITERAL_NULL_CONVERSION = YES;
				CLANG_WARN_OBJC_IMPLICIT_RETAIN_SELF = YES;
				CLANG_WARN_OBJC_LITERAL_CONVERSION = YES;
				CLANG_WARN_OBJC_ROOT_CLASS = YES_ERROR;
				CLANG_WARN_QUOTED_INCLUDE_IN_FRAMEWORK_HEADER = YES;
				CLANG_WARN_RANGE_LOOP_ANALYSIS = YES;
				CLANG_WARN_STRICT_PROTOTYPES = YES;
				CLANG_WARN_SUSPICIOUS_MOVE = YES;
				CLANG_WARN_UNGUARDED_AVAILABILITY = YES_AGGRESSIVE;
				CLANG_WARN_UNREACHABLE_CODE = YES;
				CLANG_WARN__DUPLICATE_METHOD_MATCH = YES;
				COPY_PHASE_STRIP = NO;
				DEBUG_INFORMATION_FORMAT = "dwarf-with-dsym";
				ENABLE_NS_ASSERTIONS = NO;
				ENABLE_STRICT_OBJC_MSGSEND = YES;
				GCC_C_LANGUAGE_STANDARD = gnu11;
				GCC_NO_COMMON_BLOCKS = YES;
				GCC_WARN_64_TO_32_BIT_CONVERSION = YES;
				GCC_WARN_ABOUT_RETURN_TYPE = YES_ERROR;
				GCC_WARN_UNDECLARED_SELECTOR = YES;
				GCC_WARN_UNINITIALIZED_AUTOS = YES_AGGRESSIVE;
				GCC_WARN_UNUSED_FUNCTION = YES;
				GCC_WARN_UNUSED_VARIABLE = YES;
				IPHONEOS_DEPLOYMENT_TARGET = 16.2;
				MTL_ENABLE_DEBUG_INFO = NO;
				MTL_FAST_MATH = YES;
				SDKROOT = iphoneos;
				SWIFT_COMPILATION_MODE = wholemodule;
				SWIFT_OPTIMIZATION_LEVEL = "-O";
				VALIDATE_PRODUCT = YES;
			};
			name = Release;
		};
		A2629CED2979A266006AF816 /* Debug */ = {
			isa = XCBuildConfiguration;
			buildSettings = {
				ASSETCATALOG_COMPILER_APPICON_NAME = AppIcon;
				ASSETCATALOG_COMPILER_GLOBAL_ACCENT_COLOR_NAME = AccentColor;
				CODE_SIGN_STYLE = Automatic;
				CURRENT_PROJECT_VERSION = 1;
				DEVELOPMENT_ASSET_PATHS = "\"mySafePocket/Preview Content\"";
				ENABLE_PREVIEWS = YES;
				GENERATE_INFOPLIST_FILE = YES;
				INFOPLIST_KEY_NSFaceIDUsageDescription = "We need to validate that is you who are using the app";
				INFOPLIST_KEY_UIApplicationSceneManifest_Generation = YES;
				INFOPLIST_KEY_UIApplicationSupportsIndirectInputEvents = YES;
				INFOPLIST_KEY_UILaunchScreen_Generation = YES;
				INFOPLIST_KEY_UISupportedInterfaceOrientations_iPad = "UIInterfaceOrientationPortrait UIInterfaceOrientationPortraitUpsideDown UIInterfaceOrientationLandscapeLeft UIInterfaceOrientationLandscapeRight";
				INFOPLIST_KEY_UISupportedInterfaceOrientations_iPhone = "UIInterfaceOrientationPortrait UIInterfaceOrientationLandscapeLeft UIInterfaceOrientationLandscapeRight";
				LD_RUNPATH_SEARCH_PATHS = (
					"$(inherited)",
					"@executable_path/Frameworks",
				);
				MARKETING_VERSION = 1.0;
				PRODUCT_BUNDLE_IDENTIFIER = mateo.mySafePocket;
				PRODUCT_NAME = "$(TARGET_NAME)";
				SWIFT_EMIT_LOC_STRINGS = YES;
				SWIFT_VERSION = 5.0;
				TARGETED_DEVICE_FAMILY = "1,2";
			};
			name = Debug;
		};
		A2629CEE2979A266006AF816 /* Release */ = {
			isa = XCBuildConfiguration;
			buildSettings = {
				ASSETCATALOG_COMPILER_APPICON_NAME = AppIcon;
				ASSETCATALOG_COMPILER_GLOBAL_ACCENT_COLOR_NAME = AccentColor;
				CODE_SIGN_STYLE = Automatic;
				CURRENT_PROJECT_VERSION = 1;
				DEVELOPMENT_ASSET_PATHS = "\"mySafePocket/Preview Content\"";
				ENABLE_PREVIEWS = YES;
				GENERATE_INFOPLIST_FILE = YES;
				INFOPLIST_KEY_NSFaceIDUsageDescription = "We need to validate that is you who are using the app";
				INFOPLIST_KEY_UIApplicationSceneManifest_Generation = YES;
				INFOPLIST_KEY_UIApplicationSupportsIndirectInputEvents = YES;
				INFOPLIST_KEY_UILaunchScreen_Generation = YES;
				INFOPLIST_KEY_UISupportedInterfaceOrientations_iPad = "UIInterfaceOrientationPortrait UIInterfaceOrientationPortraitUpsideDown UIInterfaceOrientationLandscapeLeft UIInterfaceOrientationLandscapeRight";
				INFOPLIST_KEY_UISupportedInterfaceOrientations_iPhone = "UIInterfaceOrientationPortrait UIInterfaceOrientationLandscapeLeft UIInterfaceOrientationLandscapeRight";
				LD_RUNPATH_SEARCH_PATHS = (
					"$(inherited)",
					"@executable_path/Frameworks",
				);
				MARKETING_VERSION = 1.0;
				PRODUCT_BUNDLE_IDENTIFIER = mateo.mySafePocket;
				PRODUCT_NAME = "$(TARGET_NAME)";
				SWIFT_EMIT_LOC_STRINGS = YES;
				SWIFT_VERSION = 5.0;
				TARGETED_DEVICE_FAMILY = "1,2";
			};
			name = Release;
		};
/* End XCBuildConfiguration section */

/* Begin XCConfigurationList section */
		A2629CD92979A265006AF816 /* Build configuration list for PBXProject "mySafePocket" */ = {
			isa = XCConfigurationList;
			buildConfigurations = (
				A2629CEA2979A266006AF816 /* Debug */,
				A2629CEB2979A266006AF816 /* Release */,
			);
			defaultConfigurationIsVisible = 0;
			defaultConfigurationName = Release;
		};
		A2629CEC2979A266006AF816 /* Build configuration list for PBXNativeTarget "mySafePocket" */ = {
			isa = XCConfigurationList;
			buildConfigurations = (
				A2629CED2979A266006AF816 /* Debug */,
				A2629CEE2979A266006AF816 /* Release */,
			);
			defaultConfigurationIsVisible = 0;
			defaultConfigurationName = Release;
		};
/* End XCConfigurationList section */
	};
	rootObject = A2629CD62979A265006AF816 /* Project object */;
}
